
Microsoft Visual Studio Solution File, Format Version 12.00
# Visual Studio Version 16
VisualStudioVersion = 16.0.31205.134
MinimumVisualStudioVersion = 10.0.40219.1
Project("{FAE04EC0-301F-11D3-BF4B-00C04F79EFBC}") = "MyLinkedList", "MyLinkedList.csproj", "{34F0FFE1-101E-45CC-A068-0D3147C872E4}"
EndProject
Global
	GlobalSection(SolutionConfigurationPlatforms) = preSolution
		Debug|Any CPU = Debug|Any CPU
		Release|Any CPU = Release|Any CPU
	EndGlobalSection
	GlobalSection(ProjectConfigurationPlatforms) = postSolution
		{34F0FFE1-101E-45CC-A068-0D3147C872E4}.Debug|Any CPU.ActiveCfg = Debug|Any CPU
		{34F0FFE1-101E-45CC-A068-0D3147C872E4}.Debug|Any CPU.Build.0 = Debug|Any CPU
		{34F0FFE1-101E-45CC-A068-0D3147C872E4}.Release|Any CPU.ActiveCfg = Release|Any CPU
		{34F0FFE1-101E-45CC-A068-0D3147C872E4}.Release|Any CPU.Build.0 = Release|Any CPU
	EndGlobalSection
	GlobalSection(SolutionProperties) = preSolution
		HideSolutionNode = FALSE
	EndGlobalSection
	GlobalSection(ExtensibilityGlobals) = postSolution
		SolutionGuid = {6B71F0C5-B12C-47B0-993E-15A177163947}
	EndGlobalSection
EndGlobal
